{
  "name": "ptu-elements",
  "version": "0.0.1",
  "lockfileVersion": 1,
  "requires": true,
  "dependencies": {
    "@stencil/core": {
      "version": "2.5.0",
      "resolved": "https://registry.npmjs.org/@stencil/core/-/core-2.5.0.tgz",
      "integrity": "sha512-gpoYJEYzu5LV2hr7uPZklug3zXhEbYGKyNodPfmOOYZtO9q42l7RQ3cAnC8MzEoF4jFrfemgtevGik8sqn9ClQ=="
    },
    "@stencil/sass": {
      "version": "1.4.1",
      "resolved": "https://registry.npmjs.org/@stencil/sass/-/sass-1.4.1.tgz",
      "integrity": "sha512-aFKoqtxZ/8BRbvNFiWRycGiqvMI22Ifn5qsKfq0U23j43XD81jT6d7K0WQd55ejNpoSpdxJcbOuFgQy3mXizfA=="
    }
  }
}
